// !$*UTF8*$!
{
	archiveVersion = 1;
	classes = {
	};
	objectVersion = 48;
	objects = {

/* Begin PBXBuildFile section */
		6E9F4A921FFB5E310038969D /* AppDelegate.m in Sources */ = {isa = PBXBuildFile; fileRef = 6E9F4A911FFB5E310038969D /* AppDelegate.m */; };
		6E9F4A951FFB5E310038969D /* ViewController.m in Sources */ = {isa = PBXBuildFile; fileRef = 6E9F4A941FFB5E310038969D /* ViewController.m */; };
		6E9F4A981FFB5E310038969D /* Main.storyboard in Resources */ = {isa = PBXBuildFile; fileRef = 6E9F4A961FFB5E310038969D /* Main.storyboard */; };
		6E9F4A9A1FFB5E310038969D /* Assets.xcassets in Resources */ = {isa = PBXBuildFile; fileRef = 6E9F4A991FFB5E310038969D /* Assets.xcassets */; };
		6E9F4A9D1FFB5E310038969D /* LaunchScreen.storyboard in Resources */ = {isa = PBXBuildFile; fileRef = 6E9F4A9B1FFB5E310038969D /* LaunchScreen.storyboard */; };
		6E9F4AA01FFB5E310038969D /* main.m in Sources */ = {isa = PBXBuildFile; fileRef = 6E9F4A9F1FFB5E310038969D /* main.m */; };
		6E9F4AA81FFB60D30038969D /* Person.m in Sources */ = {isa = PBXBuildFile; fileRef = 6E9F4AA71FFB60D30038969D /* Person.m */; };
		6E9F4AAB1FFB77D20038969D /* NSURL+url.m in Sources */ = {isa = PBXBuildFile; fileRef = 6E9F4AAA1FFB77D20038969D /* NSURL+url.m */; };
/* End PBXBuildFile section */

/* Begin PBXFileReference section */
		6E9F4A8D1FFB5E310038969D /* RunTimeTest.app */ = {isa = PBXFileReference; explicitFileType = wrapper.application; includeInIndex = 0; path = RunTimeTest.app; sourceTree = BUILT_PRODUCTS_DIR; };
		6E9F4A901FFB5E310038969D /* AppDelegate.h */ = {isa = PBXFileReference; lastKnownFileType = sourcecode.c.h; path = AppDelegate.h; sourceTree = "<group>"; };
		6E9F4A911FFB5E310038969D /* AppDelegate.m */ = {isa = PBXFileReference; lastKnownFileType = sourcecode.c.objc; path = AppDelegate.m; sourceTree = "<group>"; };
		6E9F4A931FFB5E310038969D /* ViewController.h */ = {isa = PBXFileReference; lastKnownFileType = sourcecode.c.h; path = ViewController.h; sourceTree = "<group>"; };
		6E9F4A941FFB5E310038969D /* ViewController.m */ = {isa = PBXFileReference; lastKnownFileType = sourcecode.c.objc; path = ViewController.m; sourceTree = "<group>"; };
		6E9F4A971FFB5E310038969D /* Base */ = {isa = PBXFileReference; lastKnownFileType = file.storyboard; name = Base; path = Base.lproj/Main.storyboard; sourceTree = "<group>"; };
		6E9F4A991FFB5E310038969D /* Assets.xcassets */ = {isa = PBXFileReference; lastKnownFileType = folder.assetcatalog; path = Assets.xcassets; sourceTree = "<group>"; };
		6E9F4A9C1FFB5E310038969D /* Base */ = {isa = PBXFileReference; lastKnownFileType = file.storyboard; name = Base; path = Base.lproj/LaunchScreen.storyboard; sourceTree = "<group>"; };
		6E9F4A9E1FFB5E310038969D /* Info.plist */ = {isa = PBXFileReference; lastKnownFileType = text.plist.xml; path = Info.plist; sourceTree = "<group>"; };
		6E9F4A9F1FFB5E310038969D /* main.m */ = {isa = PBXFileReference; lastKnownFileType = sourcecode.c.objc; path = main.m; sourceTree = "<group>"; };
		6E9F4AA61FFB60D30038969D /* Person.h */ = {isa = PBXFileReference; lastKnownFileType = sourcecode.c.h; path = Person.h; sourceTree = "<group>"; };
		6E9F4AA71FFB60D30038969D /* Person.m */ = {isa = PBXFileReference; lastKnownFileType = sourcecode.c.objc; path = Person.m; sourceTree = "<group>"; };
		6E9F4AA91FFB77D20038969D /* NSURL+url.h */ = {isa = PBXFileReference; lastKnownFileType = sourcecode.c.h; path = "NSURL+url.h"; sourceTree = "<group>"; };
		6E9F4AAA1FFB77D20038969D /* NSURL+url.m */ = {isa = PBXFileReference; lastKnownFileType = sourcecode.c.objc; path = "NSURL+url.m"; sourceTree = "<group>"; };
/* End PBXFileReference section */

/* Begin PBXFrameworksBuildPhase section */
		6E9F4A8A1FFB5E310038969D /* Frameworks */ = {
			isa = PBXFrameworksBuildPhase;
			buildActionMask = 2147483647;
			files = (
			);
			runOnlyForDeploymentPostprocessing = 0;
		};
/* End PBXFrameworksBuildPhase section */

/* Begin PBXGroup section */
		6E9F4A841FFB5E310038969D = {
			isa = PBXGroup;
			children = (
				6E9F4A8F1FFB5E310038969D /* RunTimeTest */,
				6E9F4A8E1FFB5E310038969D /* Products */,
			);
			sourceTree = "<group>";
		};
		6E9F4A8E1FFB5E310038969D /* Products */ = {
			isa = PBXGroup;
			children = (
				6E9F4A8D1FFB5E310038969D /* RunTimeTest.app */,
			);
			name = Products;
			sourceTree = "<group>";
		};
		6E9F4A8F1FFB5E310038969D /* RunTimeTest */ = {
			isa = PBXGroup;
			children = (
				6E9F4A901FFB5E310038969D /* AppDelegate.h */,
				6E9F4A911FFB5E310038969D /* AppDelegate.m */,
				6E9F4AA91FFB77D20038969D /* NSURL+url.h */,
				6E9F4AAA1FFB77D20038969D /* NSURL+url.m */,
				6E9F4A931FFB5E310038969D /* ViewController.h */,
				6E9F4A941FFB5E310038969D /* ViewController.m */,
				6E9F4AA61FFB60D30038969D /* Person.h */,
				6E9F4AA71FFB60D30038969D /* Person.m */,
				6E9F4A961FFB5E310038969D /* Main.storyboard */,
				6E9F4A991FFB5E310038969D /* Assets.xcassets */,
				6E9F4A9B1FFB5E310038969D /* LaunchScreen.storyboard */,
				6E9F4A9E1FFB5E310038969D /* Info.plist */,
				6E9F4A9F1FFB5E310038969D /* main.m */,
			);
			path = RunTimeTest;
			sourceTree = "<group>";
		};
/* End PBXGroup section */

/* Begin PBXNativeTarget section */
		6E9F4A8C1FFB5E310038969D /* RunTimeTest */ = {
			isa = PBXNativeTarget;
			buildConfigurationList = 6E9F4AA31FFB5E310038969D /* Build configuration list for PBXNativeTarget "RunTimeTest" */;
			buildPhases = (
				6E9F4A891FFB5E310038969D /* Sources */,
				6E9F4A8A1FFB5E310038969D /* Frameworks */,
				6E9F4A8B1FFB5E310038969D /* Resources */,
			);
			buildRules = (
			);
			dependencies = (
			);
			name = RunTimeTest;
			productName = RunTimeTest;
			productReference = 6E9F4A8D1FFB5E310038969D /* RunTimeTest.app */;
			productType = "com.apple.product-type.application";
		};
/* End PBXNativeTarget section */

/* Begin PBXProject section */
		6E9F4A851FFB5E310038969D /* Project object */ = {
			isa = PBXProject;
			attributes = {
				LastUpgradeCheck = 0910;
				ORGANIZATIONNAME = jirui;
				TargetAttributes = {
					6E9F4A8C1FFB5E310038969D = {
						CreatedOnToolsVersion = 9.1;
						ProvisioningStyle = Automatic;
					};
				};
			};
			buildConfigurationList = 6E9F4A881FFB5E310038969D /* Build configuration list for PBXProject "RunTimeTest" */;
			compatibilityVersion = "Xcode 8.0";
			developmentRegion = en;
			hasScannedForEncodings = 0;
			knownRegions = (
				en,
				Base,
			);
			mainGroup = 6E9F4A841FFB5E310038969D;
			productRefGroup = 6E9F4A8E1FFB5E310038969D /* Products */;
			projectDirPath = "";
			projectRoot = "";
			targets = (
				6E9F4A8C1FFB5E310038969D /* RunTimeTest */,
			);
		};
/* End PBXProject section */

/* Begin PBXResourcesBuildPhase section */
		6E9F4A8B1FFB5E310038969D /* Resources */ = {
			isa = PBXResourcesBuildPhase;
			buildActionMask = 2147483647;
			files = (
				6E9F4A9D1FFB5E310038969D /* LaunchScreen.storyboard in Resources */,
				6E9F4A9A1FFB5E310038969D /* Assets.xcassets in Resources */,
				6E9F4A981FFB5E310038969D /* Main.storyboard in Resources */,
			);
			runOnlyForDeploymentPostprocessing = 0;
		};
/* End PBXResourcesBuildPhase section */

/* Begin PBXSourcesBuildPhase section */
		6E9F4A891FFB5E310038969D /* Sources */ = {
			isa = PBXSourcesBuildPhase;
			buildActionMask = 2147483647;
			files = (
				6E9F4A951FFB5E310038969D /* ViewController.m in Sources */,
				6E9F4AAB1FFB77D20038969D /* NSURL+url.m in Sources */,
				6E9F4AA01FFB5E310038969D /* main.m in Sources */,
				6E9F4AA81FFB60D30038969D /* Person.m in Sources */,
				6E9F4A921FFB5E310038969D /* AppDelegate.m in Sources */,
			);
			runOnlyForDeploymentPostprocessing = 0;
		};
/* End PBXSourcesBuildPhase section */

/* Begin PBXVariantGroup section */
		6E9F4A961FFB5E310038969D /* Main.storyboard */ = {
			isa = PBXVariantGroup;
			children = (
				6E9F4A971FFB5E310038969D /* Base */,
			);
			name = Main.storyboard;
			sourceTree = "<group>";
		};
		6E9F4A9B1FFB5E310038969D /* LaunchScreen.storyboard */ = {
			isa = PBXVariantGroup;
			children = (
				6E9F4A9C1FFB5E310038969D /* Base */,
			);
			name = LaunchScreen.storyboard;
			sourceTree = "<group>";
		};
/* End PBXVariantGroup section */

/* Begin XCBuildConfiguration section */
		6E9F4AA11FFB5E310038969D /* Debug */ = {
			isa = XCBuildConfiguration;
			buildSettings = {
				ALWAYS_SEARCH_USER_PATHS = NO;
				CLANG_ANALYZER_NONNULL = YES;
				CLANG_ANALYZER_NUMBER_OBJECT_CONVERSION = YES_AGGRESSIVE;
				CLANG_CXX_LANGUAGE_STANDARD = "gnu++14";
				CLANG_CXX_LIBRARY = "libc++";
				CLANG_ENABLE_MODULES = YES;
				CLANG_ENABLE_OBJC_ARC = YES;
				CLANG_WARN_BLOCK_CAPTURE_AUTORELEASING = YES;
				CLANG_WARN_BOOL_CONVERSION = YES;
				CLANG_WARN_COMMA = YES;
				CLANG_WARN_CONSTANT_CONVERSION = YES;
				CLANG_WARN_DIRECT_OBJC_ISA_USAGE = YES_ERROR;
				CLANG_WARN_DOCUMENTATION_COMMENTS = YES;
				CLANG_WARN_EMPTY_BODY = YES;
				CLANG_WARN_ENUM_CONVERSION = YES;
				CLANG_WARN_INFINITE_RECURSION = YES;
				CLANG_WARN_INT_CONVERSION = YES;
				CLANG_WARN_NON_LITERAL_NULL_CONVERSION = YES;
				CLANG_WARN_OBJC_LITERAL_CONVERSION = YES;
				CLANG_WARN_OBJC_ROOT_CLASS = YES_ERROR;
				CLANG_WARN_RANGE_LOOP_ANALYSIS = YES;
				CLANG_WARN_STRICT_PROTOTYPES = YES;
				CLANG_WARN_SUSPICIOUS_MOVE = YES;
				CLANG_WARN_UNGUARDED_AVAILABILITY = YES_AGGRESSIVE;
				CLANG_WARN_UNREACHABLE_CODE = YES;
				CLANG_WARN__DUPLICATE_METHOD_MATCH = YES;
				CODE_SIGN_IDENTITY = "iPhone Developer";
				COPY_PHASE_STRIP = NO;
				DEBUG_INFORMATION_FORMAT = dwarf;
				ENABLE_STRICT_OBJC_MSGSEND = YES;
				ENABLE_TESTABILITY = YES;
				GCC_C_LANGUAGE_STANDARD = gnu11;
				GCC_DYNAMIC_NO_PIC = NO;
				GCC_NO_COMMON_BLOCKS = YES;
				GCC_OPTIMIZATION_LEVEL = 0;
				GCC_PREPROCESSOR_DEFINITIONS = (
					"DEBUG=1",
					"$(inherited)",
				);
				GCC_WARN_64_TO_32_BIT_CONVERSION = YES;
				GCC_WARN_ABOUT_RETURN_TYPE = YES_ERROR;
				GCC_WARN_UNDECLARED_SELECTOR = YES;
				GCC_WARN_UNINITIALIZED_AUTOS = YES_AGGRESSIVE;
				GCC_WARN_UNUSED_FUNCTION = YES;
				GCC_WARN_UNUSED_VARIABLE = YES;
				IPHONEOS_DEPLOYMENT_TARGET = 11.1;
				MTL_ENABLE_DEBUG_INFO = YES;
				ONLY_ACTIVE_ARCH = YES;
				SDKROOT = iphoneos;
			};
			name = Debug;
		};
		6E9F4AA21FFB5E310038969D /* Release */ = {
			isa = XCBuildConfiguration;
			buildSettings = {
				ALWAYS_SEARCH_USER_PATHS = NO;
				CLANG_ANALYZER_NONNULL = YES;
				CLANG_ANALYZER_NUMBER_OBJECT_CONVERSION = YES_AGGRESSIVE;
				CLANG_CXX_LANGUAGE_STANDARD = "gnu++14";
				CLANG_CXX_LIBRARY = "libc++";
				CLANG_ENABLE_MODULES = YES;
				CLANG_ENABLE_OBJC_ARC = YES;
				CLANG_WARN_BLOCK_CAPTURE_AUTORELEASING = YES;
				CLANG_WARN_BOOL_CONVERSION = YES;
				CLANG_WARN_COMMA = YES;
				CLANG_WARN_CONSTANT_CONVERSION = YES;
				CLANG_WARN_DIRECT_OBJC_ISA_USAGE = YES_ERROR;
				CLANG_WARN_DOCUMENTATION_COMMENTS = YES;
				CLANG_WARN_EMPTY_BODY = YES;
				CLANG_WARN_ENUM_CONVERSION = YES;
				CLANG_WARN_INFINITE_RECURSION = YES;
				CLANG_WARN_INT_CONVERSION = YES;
				CLANG_WARN_NON_LITERAL_NULL_CONVERSION = YES;
				CLANG_WARN_OBJC_LITERAL_CONVERSION = YES;
				CLANG_WARN_OBJC_ROOT_CLASS = YES_ERROR;
				CLANG_WARN_RANGE_LOOP_ANALYSIS = YES;
				CLANG_WARN_STRICT_PROTOTYPES = YES;
				CLANG_WARN_SUSPICIOUS_MOVE = YES;
				CLANG_WARN_UNGUARDED_AVAILABILITY = YES_AGGRESSIVE;
				CLANG_WARN_UNREACHABLE_CODE = YES;
				CLANG_WARN__DUPLICATE_METHOD_MATCH = YES;
				CODE_SIGN_IDENTITY = "iPhone Developer";
				COPY_PHASE_STRIP = NO;
				DEBUG_INFORMATION_FORMAT = "dwarf-with-dsym";
				ENABLE_NS_ASSERTIONS = NO;
				ENABLE_STRICT_OBJC_MSGSEND = YES;
				GCC_C_LANGUAGE_STANDARD = gnu11;
				GCC_NO_COMMON_BLOCKS = YES;
				GCC_WARN_64_TO_32_BIT_CONVERSION = YES;
				GCC_WARN_ABOUT_RETURN_TYPE = YES_ERROR;
				GCC_WARN_UNDECLARED_SELECTOR = YES;
				GCC_WARN_UNINITIALIZED_AUTOS = YES_AGGRESSIVE;
				GCC_WARN_UNUSED_FUNCTION = YES;
				GCC_WARN_UNUSED_VARIABLE = YES;
				IPHONEOS_DEPLOYMENT_TARGET = 11.1;
				MTL_ENABLE_DEBUG_INFO = NO;
				SDKROOT = iphoneos;
				VALIDATE_PRODUCT = YES;
			};
			name = Release;
		};
		6E9F4AA41FFB5E310038969D /* Debug */ = {
			isa = XCBuildConfiguration;
			buildSettings = {
				ASSETCATALOG_COMPILER_APPICON_NAME = AppIcon;
				CODE_SIGN_STYLE = Automatic;
				DEVELOPMENT_TEAM = "";
				ENABLE_STRICT_OBJC_MSGSEND = NO;
				INFOPLIST_FILE = RunTimeTest/Info.plist;
				LD_RUNPATH_SEARCH_PATHS = "$(inherited) @executable_path/Frameworks";
				PRODUCT_BUNDLE_IDENTIFIER = com.jirui.RunTimeTest;
				PRODUCT_NAME = "$(TARGET_NAME)";
				TARGETED_DEVICE_FAMILY = "1,2";
			};
			name = Debug;
		};
		6E9F4AA51FFB5E310038969D /* Release */ = {
			isa = XCBuildConfiguration;
			buildSettings = {
				ASSETCATALOG_COMPILER_APPICON_NAME = AppIcon;
				CODE_SIGN_STYLE = Automatic;
				DEVELOPMENT_TEAM = "";
				ENABLE_STRICT_OBJC_MSGSEND = NO;
				INFOPLIST_FILE = RunTimeTest/Info.plist;
				LD_RUNPATH_SEARCH_PATHS = "$(inherited) @executable_path/Frameworks";
				PRODUCT_BUNDLE_IDENTIFIER = com.jirui.RunTimeTest;
				PRODUCT_NAME = "$(TARGET_NAME)";
				TARGETED_DEVICE_FAMILY = "1,2";
			};
			name = Release;
		};
/* End XCBuildConfiguration section */

/* Begin XCConfigurationList section */
		6E9F4A881FFB5E310038969D /* Build configuration list for PBXProject "RunTimeTest" */ = {
			isa = XCConfigurationList;
			buildConfigurations = (
				6E9F4AA11FFB5E310038969D /* Debug */,
				6E9F4AA21FFB5E310038969D /* Release */,
			);
			defaultConfigurationIsVisible = 0;
			defaultConfigurationName = Release;
		};
		6E9F4AA31FFB5E310038969D /* Build configuration list for PBXNativeTarget "RunTimeTest" */ = {
			isa = XCConfigurationList;
			buildConfigurations = (
				6E9F4AA41FFB5E310038969D /* Debug */,
				6E9F4AA51FFB5E310038969D /* Release */,
			);
			defaultConfigurationIsVisible = 0;
			defaultConfigurationName = Release;
		};
/* End XCConfigurationList section */
	};
	rootObject = 6E9F4A851FFB5E310038969D /* Project object */;
}
